
Microsoft Visual Studio Solution File, Format Version 12.00
# Visual Studio Version 17
VisualStudioVersion = 17.10.35027.167
MinimumVisualStudioVersion = 10.0.40219.1
Project("{FAE04EC0-301F-11D3-BF4B-00C04F79EFBC}") = "calcolatrice", "calcolatrice.csproj", "{03CB5AF1-4F5F-4721-BFB3-EE5B022A0C2E}"
EndProject
Global
	GlobalSection(SolutionConfigurationPlatforms) = preSolution
		Debug|Any CPU = Debug|Any CPU
		Release|Any CPU = Release|Any CPU
	EndGlobalSection
	GlobalSection(ProjectConfigurationPlatforms) = postSolution
		{03CB5AF1-4F5F-4721-BFB3-EE5B022A0C2E}.Debug|Any CPU.ActiveCfg = Debug|Any CPU
		{03CB5AF1-4F5F-4721-BFB3-EE5B022A0C2E}.Debug|Any CPU.Build.0 = Debug|Any CPU
		{03CB5AF1-4F5F-4721-BFB3-EE5B022A0C2E}.Release|Any CPU.ActiveCfg = Release|Any CPU
		{03CB5AF1-4F5F-4721-BFB3-EE5B022A0C2E}.Release|Any CPU.Build.0 = Release|Any CPU
	EndGlobalSection
	GlobalSection(SolutionProperties) = preSolution
		HideSolutionNode = FALSE
	EndGlobalSection
	GlobalSection(ExtensibilityGlobals) = postSolution
		SolutionGuid = {D71851AC-7CE9-44AE-92CB-401A763E5D6F}
	EndGlobalSection
EndGlobal
